
Microsoft Visual Studio Solution File, Format Version 12.00
# Visual Studio Version 17
VisualStudioVersion = 17.9.34607.119
MinimumVisualStudioVersion = 10.0.40219.1
Project("{FAE04EC0-301F-11D3-BF4B-00C04F79EFBC}") = "LINQDemoCSharp-45", "LINQDemoCSharp-45\LINQDemoCSharp-45.csproj", "{760CA0A9-10E9-4059-B933-D61A85F3BB87}"
EndProject
Global
	GlobalSection(SolutionConfigurationPlatforms) = preSolution
		Debug|Any CPU = Debug|Any CPU
		Release|Any CPU = Release|Any CPU
	EndGlobalSection
	GlobalSection(ProjectConfigurationPlatforms) = postSolution
		{760CA0A9-10E9-4059-B933-D61A85F3BB87}.Debug|Any CPU.ActiveCfg = Debug|Any CPU
		{760CA0A9-10E9-4059-B933-D61A85F3BB87}.Debug|Any CPU.Build.0 = Debug|Any CPU
		{760CA0A9-10E9-4059-B933-D61A85F3BB87}.Release|Any CPU.ActiveCfg = Release|Any CPU
		{760CA0A9-10E9-4059-B933-D61A85F3BB87}.Release|Any CPU.Build.0 = Release|Any CPU
	EndGlobalSection
	GlobalSection(SolutionProperties) = preSolution
		HideSolutionNode = FALSE
	EndGlobalSection
	GlobalSection(ExtensibilityGlobals) = postSolution
		SolutionGuid = {4E9E5791-7171-4D04-9BA1-D4906382C35D}
	EndGlobalSection
EndGlobal
